
Microsoft Visual Studio Solution File, Format Version 12.00
# Visual Studio Version 17
VisualStudioVersion = 17.7.34031.279
MinimumVisualStudioVersion = 10.0.40219.1
Project("{FAE04EC0-301F-11D3-BF4B-00C04F79EFBC}") = "DB2XML", "DB2XML\DB2XML.csproj", "{828937B3-3FAE-4978-86DD-669615D3B0D9}"
EndProject
Global
	GlobalSection(SolutionConfigurationPlatforms) = preSolution
		Debug|Any CPU = Debug|Any CPU
		Release|Any CPU = Release|Any CPU
	EndGlobalSection
	GlobalSection(ProjectConfigurationPlatforms) = postSolution
		{828937B3-3FAE-4978-86DD-669615D3B0D9}.Debug|Any CPU.ActiveCfg = Debug|Any CPU
		{828937B3-3FAE-4978-86DD-669615D3B0D9}.Debug|Any CPU.Build.0 = Debug|Any CPU
		{828937B3-3FAE-4978-86DD-669615D3B0D9}.Release|Any CPU.ActiveCfg = Release|Any CPU
		{828937B3-3FAE-4978-86DD-669615D3B0D9}.Release|Any CPU.Build.0 = Release|Any CPU
	EndGlobalSection
	GlobalSection(SolutionProperties) = preSolution
		HideSolutionNode = FALSE
	EndGlobalSection
	GlobalSection(ExtensibilityGlobals) = postSolution
		SolutionGuid = {45A04D8A-A242-42D2-95E8-D18779650B30}
	EndGlobalSection
EndGlobal
